
Microsoft Visual Studio Solution File, Format Version 12.00
# Visual Studio Version 16
VisualStudioVersion = 16.0.30907.101
MinimumVisualStudioVersion = 10.0.40219.1
Project("{9A19103F-16F7-4668-BE54-9A1E7A4F7556}") = "CodeanBlazorDevEnvShare", "CodeanBlazorDevEnvShare\CodeanBlazorDevEnvShare.csproj", "{66B4D5EA-5BF6-4C77-902A-C645C3E2897D}"
EndProject
Global
	GlobalSection(SolutionConfigurationPlatforms) = preSolution
		Debug|Any CPU = Debug|Any CPU
		Release|Any CPU = Release|Any CPU
	EndGlobalSection
	GlobalSection(ProjectConfigurationPlatforms) = postSolution
		{66B4D5EA-5BF6-4C77-902A-C645C3E2897D}.Debug|Any CPU.ActiveCfg = Debug|Any CPU
		{66B4D5EA-5BF6-4C77-902A-C645C3E2897D}.Debug|Any CPU.Build.0 = Debug|Any CPU
		{66B4D5EA-5BF6-4C77-902A-C645C3E2897D}.Release|Any CPU.ActiveCfg = Release|Any CPU
		{66B4D5EA-5BF6-4C77-902A-C645C3E2897D}.Release|Any CPU.Build.0 = Release|Any CPU
	EndGlobalSection
	GlobalSection(SolutionProperties) = preSolution
		HideSolutionNode = FALSE
	EndGlobalSection
	GlobalSection(ExtensibilityGlobals) = postSolution
		SolutionGuid = {008D68C0-4414-4C56-B1E8-F5C3A205EF7D}
	EndGlobalSection
EndGlobal
